
Microsoft Visual Studio Solution File, Format Version 12.00
# Visual Studio 2012
Project("{FAE04EC0-301F-11D3-BF4B-00C04F79EFBC}") = "Solarc", "Solarc\Solarc.csproj", "{5339C3FC-916E-488A-94FD-F9DCD23D5D3A}"
EndProject
Project("{FAE04EC0-301F-11D3-BF4B-00C04F79EFBC}") = "SolarcEntities", "SolarcEntities\SolarcEntities.csproj", "{057317AE-C10B-4FE6-93AC-585B097173D4}"
EndProject
Project("{FAE04EC0-301F-11D3-BF4B-00C04F79EFBC}") = "SolarcLogic", "SolarcLogic\SolarcLogic.csproj", "{B9847B30-02C1-4B39-9868-26B6284555C6}"
EndProject
Global
	GlobalSection(TeamFoundationVersionControl) = preSolution
		SccNumberOfProjects = 4
		SccEnterpriseProvider = {4CA58AB2-18FA-4F8D-95D4-32DDF27D184C}
		SccTeamFoundationServer = http://painatal.no-ip.org:8080/tfs/foxtrot
		SccLocalPath0 = .
		SccProjectUniqueName1 = Solarc\\Solarc.csproj
		SccProjectName1 = Solarc
		SccLocalPath1 = Solarc
		SccProjectUniqueName2 = SolarcEntities\\SolarcEntities.csproj
		SccProjectName2 = SolarcEntities
		SccLocalPath2 = SolarcEntities
		SccProjectUniqueName3 = SolarcLogic\\SolarcLogic.csproj
		SccProjectName3 = SolarcLogic
		SccLocalPath3 = SolarcLogic
	EndGlobalSection
	GlobalSection(SolutionConfigurationPlatforms) = preSolution
		Debug|Any CPU = Debug|Any CPU
		Release|Any CPU = Release|Any CPU
	EndGlobalSection
	GlobalSection(ProjectConfigurationPlatforms) = postSolution
		{5339C3FC-916E-488A-94FD-F9DCD23D5D3A}.Debug|Any CPU.ActiveCfg = Debug|Any CPU
		{5339C3FC-916E-488A-94FD-F9DCD23D5D3A}.Debug|Any CPU.Build.0 = Debug|Any CPU
		{5339C3FC-916E-488A-94FD-F9DCD23D5D3A}.Release|Any CPU.ActiveCfg = Release|Any CPU
		{5339C3FC-916E-488A-94FD-F9DCD23D5D3A}.Release|Any CPU.Build.0 = Release|Any CPU
		{057317AE-C10B-4FE6-93AC-585B097173D4}.Debug|Any CPU.ActiveCfg = Debug|Any CPU
		{057317AE-C10B-4FE6-93AC-585B097173D4}.Debug|Any CPU.Build.0 = Debug|Any CPU
		{057317AE-C10B-4FE6-93AC-585B097173D4}.Release|Any CPU.ActiveCfg = Release|Any CPU
		{057317AE-C10B-4FE6-93AC-585B097173D4}.Release|Any CPU.Build.0 = Release|Any CPU
		{B9847B30-02C1-4B39-9868-26B6284555C6}.Debug|Any CPU.ActiveCfg = Debug|Any CPU
		{B9847B30-02C1-4B39-9868-26B6284555C6}.Debug|Any CPU.Build.0 = Debug|Any CPU
		{B9847B30-02C1-4B39-9868-26B6284555C6}.Release|Any CPU.ActiveCfg = Release|Any CPU
		{B9847B30-02C1-4B39-9868-26B6284555C6}.Release|Any CPU.Build.0 = Release|Any CPU
	EndGlobalSection
	GlobalSection(SolutionProperties) = preSolution
		HideSolutionNode = FALSE
	EndGlobalSection
EndGlobal
